// !$*UTF8*$!
{
	archiveVersion = 1;
	classes = {
	};
	objectVersion = 46;
	objects = {

/* Begin PBXBuildFile section */
		4425D57A1E32291E003F2635 /* main.m in Sources */ = {isa = PBXBuildFile; fileRef = 4425D5791E32291E003F2635 /* main.m */; };
		4425D57D1E32291E003F2635 /* AppDelegate.m in Sources */ = {isa = PBXBuildFile; fileRef = 4425D57C1E32291E003F2635 /* AppDelegate.m */; };
		4425D5831E32291E003F2635 /* Main.storyboard in Resources */ = {isa = PBXBuildFile; fileRef = 4425D5811E32291E003F2635 /* Main.storyboard */; };
		4425D5861E32291E003F2635 /* Test_sovcombank.xcdatamodeld in Sources */ = {isa = PBXBuildFile; fileRef = 4425D5841E32291E003F2635 /* Test_sovcombank.xcdatamodeld */; };
		4425D5881E32291E003F2635 /* Assets.xcassets in Resources */ = {isa = PBXBuildFile; fileRef = 4425D5871E32291E003F2635 /* Assets.xcassets */; };
		4425D58B1E32291E003F2635 /* LaunchScreen.storyboard in Resources */ = {isa = PBXBuildFile; fileRef = 4425D5891E32291E003F2635 /* LaunchScreen.storyboard */; };
		4425D5961E32291E003F2635 /* Test_sovcombankTests.m in Sources */ = {isa = PBXBuildFile; fileRef = 4425D5951E32291E003F2635 /* Test_sovcombankTests.m */; };
		4425D5A11E32291E003F2635 /* Test_sovcombankUITests.m in Sources */ = {isa = PBXBuildFile; fileRef = 4425D5A01E32291E003F2635 /* Test_sovcombankUITests.m */; };
		4425D5B01E322B7A003F2635 /* CityListViewController.m in Sources */ = {isa = PBXBuildFile; fileRef = 4425D5AF1E322B7A003F2635 /* CityListViewController.m */; };
		4425D5B51E322C33003F2635 /* StyleGuide.m in Sources */ = {isa = PBXBuildFile; fileRef = 4425D5B41E322C33003F2635 /* StyleGuide.m */; };
		4425D5BD1E3239FC003F2635 /* AddNewCityViewController.m in Sources */ = {isa = PBXBuildFile; fileRef = 4425D5BC1E3239FC003F2635 /* AddNewCityViewController.m */; };
		4425D5C11E323A24003F2635 /* CityDetailViewController.m in Sources */ = {isa = PBXBuildFile; fileRef = 4425D5C01E323A24003F2635 /* CityDetailViewController.m */; };
		4425D5E51E324AEB003F2635 /* MLPAutoCompleteTextField.m in Sources */ = {isa = PBXBuildFile; fileRef = 4425D5D91E324AEB003F2635 /* MLPAutoCompleteTextField.m */; };
		4425D5E61E324AEB003F2635 /* NSString+Levenshtein.m in Sources */ = {isa = PBXBuildFile; fileRef = 4425D5DE1E324AEB003F2635 /* NSString+Levenshtein.m */; };
		4425D5E71E324AEB003F2635 /* MVPlaceSearchTextField.m in Sources */ = {isa = PBXBuildFile; fileRef = 4425D5E01E324AEB003F2635 /* MVPlaceSearchTextField.m */; };
		4425D5E81E324AEB003F2635 /* PlaceDetail.m in Sources */ = {isa = PBXBuildFile; fileRef = 4425D5E21E324AEB003F2635 /* PlaceDetail.m */; };
		4425D5E91E324AEB003F2635 /* PlaceObject.m in Sources */ = {isa = PBXBuildFile; fileRef = 4425D5E41E324AEB003F2635 /* PlaceObject.m */; };
		44AD96261E3265D800530587 /* RoundRectPresentationController.m in Sources */ = {isa = PBXBuildFile; fileRef = 44AD96251E3265D800530587 /* RoundRectPresentationController.m */; };
		44AD96291E3265F200530587 /* BounceAnimationController.m in Sources */ = {isa = PBXBuildFile; fileRef = 44AD96281E3265F200530587 /* BounceAnimationController.m */; };
		44AD962B1E33E76B00530587 /* CoreData.framework in Frameworks */ = {isa = PBXBuildFile; fileRef = 44AD962A1E33E76B00530587 /* CoreData.framework */; };
		44AD962F1E33F78E00530587 /* DataStore.m in Sources */ = {isa = PBXBuildFile; fileRef = 44AD962E1E33F78E00530587 /* DataStore.m */; };
		44AD96341E34E34C00530587 /* Coats_of_arms_of_None.svg.png in Resources */ = {isa = PBXBuildFile; fileRef = 44AD96331E34E34C00530587 /* Coats_of_arms_of_None.svg.png */; };
		44AD96381E34EAD000530587 /* coat_of_arms_spb.png in Resources */ = {isa = PBXBuildFile; fileRef = 44AD96351E34EAD000530587 /* coat_of_arms_spb.png */; };
		44AD96391E34EAD000530587 /* coat_of_arms_msc.png in Resources */ = {isa = PBXBuildFile; fileRef = 44AD96361E34EAD000530587 /* coat_of_arms_msc.png */; };
		44AD963A1E34EAD000530587 /* coat_of_arms_kzn.png in Resources */ = {isa = PBXBuildFile; fileRef = 44AD96371E34EAD000530587 /* coat_of_arms_kzn.png */; };
		78477786BC31BD2EEE64C2C9 /* libPods-Test-sovcombankUITests.a in Frameworks */ = {isa = PBXBuildFile; fileRef = AE1A4BFD04F671B417A8043B /* libPods-Test-sovcombankUITests.a */; };
		EA622AE5BFEEB5DC24AEA409 /* libPods-Test-sovcombankTests.a in Frameworks */ = {isa = PBXBuildFile; fileRef = E0833B05CF19E4551DF493AF /* libPods-Test-sovcombankTests.a */; };
		F2EF6D8685CAA4F3074BA243 /* libPods-Test-sovcombank.a in Frameworks */ = {isa = PBXBuildFile; fileRef = F3D61A25F5A8CC52F16E8611 /* libPods-Test-sovcombank.a */; };
/* End PBXBuildFile section */

/* Begin PBXContainerItemProxy section */
		4425D5921E32291E003F2635 /* PBXContainerItemProxy */ = {
			isa = PBXContainerItemProxy;
			containerPortal = 4425D56D1E32291E003F2635 /* Project object */;
			proxyType = 1;
			remoteGlobalIDString = 4425D5741E32291E003F2635;
			remoteInfo = "Test-sovcombank";
		};
		4425D59D1E32291E003F2635 /* PBXContainerItemProxy */ = {
			isa = PBXContainerItemProxy;
			containerPortal = 4425D56D1E32291E003F2635 /* Project object */;
			proxyType = 1;
			remoteGlobalIDString = 4425D5741E32291E003F2635;
			remoteInfo = "Test-sovcombank";
		};
/* End PBXContainerItemProxy section */

/* Begin PBXFileReference section */
		28DA4150E426B1536C2E4DAC /* Pods-Test-sovcombankTests.debug.xcconfig */ = {isa = PBXFileReference; includeInIndex = 1; lastKnownFileType = text.xcconfig; name = "Pods-Test-sovcombankTests.debug.xcconfig"; path = "Pods/Target Support Files/Pods-Test-sovcombankTests/Pods-Test-sovcombankTests.debug.xcconfig"; sourceTree = "<group>"; };
		4425D5751E32291E003F2635 /* Test-sovcombank.app */ = {isa = PBXFileReference; explicitFileType = wrapper.application; includeInIndex = 0; path = "Test-sovcombank.app"; sourceTree = BUILT_PRODUCTS_DIR; };
		4425D5791E32291E003F2635 /* main.m */ = {isa = PBXFileReference; lastKnownFileType = sourcecode.c.objc; path = main.m; sourceTree = "<group>"; };
		4425D57B1E32291E003F2635 /* AppDelegate.h */ = {isa = PBXFileReference; lastKnownFileType = sourcecode.c.h; path = AppDelegate.h; sourceTree = "<group>"; };
		4425D57C1E32291E003F2635 /* AppDelegate.m */ = {isa = PBXFileReference; lastKnownFileType = sourcecode.c.objc; path = AppDelegate.m; sourceTree = "<group>"; };
		4425D5821E32291E003F2635 /* Base */ = {isa = PBXFileReference; lastKnownFileType = file.storyboard; name = Base; path = Base.lproj/Main.storyboard; sourceTree = "<group>"; };
		4425D5851E32291E003F2635 /* Test_sovcombank.xcdatamodel */ = {isa = PBXFileReference; lastKnownFileType = wrapper.xcdatamodel; path = Test_sovcombank.xcdatamodel; sourceTree = "<group>"; };
		4425D5871E32291E003F2635 /* Assets.xcassets */ = {isa = PBXFileReference; lastKnownFileType = folder.assetcatalog; path = Assets.xcassets; sourceTree = "<group>"; };
		4425D58A1E32291E003F2635 /* Base */ = {isa = PBXFileReference; lastKnownFileType = file.storyboard; name = Base; path = Base.lproj/LaunchScreen.storyboard; sourceTree = "<group>"; };
		4425D58C1E32291E003F2635 /* Info.plist */ = {isa = PBXFileReference; lastKnownFileType = text.plist.xml; path = Info.plist; sourceTree = "<group>"; };
		4425D5911E32291E003F2635 /* Test-sovcombankTests.xctest */ = {isa = PBXFileReference; explicitFileType = wrapper.cfbundle; includeInIndex = 0; path = "Test-sovcombankTests.xctest"; sourceTree = BUILT_PRODUCTS_DIR; };
		4425D5951E32291E003F2635 /* Test_sovcombankTests.m */ = {isa = PBXFileReference; lastKnownFileType = sourcecode.c.objc; path = Test_sovcombankTests.m; sourceTree = "<group>"; };
		4425D5971E32291E003F2635 /* Info.plist */ = {isa = PBXFileReference; lastKnownFileType = text.plist.xml; path = Info.plist; sourceTree = "<group>"; };
		4425D59C1E32291E003F2635 /* Test-sovcombankUITests.xctest */ = {isa = PBXFileReference; explicitFileType = wrapper.cfbundle; includeInIndex = 0; path = "Test-sovcombankUITests.xctest"; sourceTree = BUILT_PRODUCTS_DIR; };
		4425D5A01E32291E003F2635 /* Test_sovcombankUITests.m */ = {isa = PBXFileReference; lastKnownFileType = sourcecode.c.objc; path = Test_sovcombankUITests.m; sourceTree = "<group>"; };
		4425D5A21E32291E003F2635 /* Info.plist */ = {isa = PBXFileReference; lastKnownFileType = text.plist.xml; path = Info.plist; sourceTree = "<group>"; };
		4425D5AE1E322B7A003F2635 /* CityListViewController.h */ = {isa = PBXFileReference; fileEncoding = 4; lastKnownFileType = sourcecode.c.h; path = CityListViewController.h; sourceTree = "<group>"; };
		4425D5AF1E322B7A003F2635 /* CityListViewController.m */ = {isa = PBXFileReference; fileEncoding = 4; lastKnownFileType = sourcecode.c.objc; path = CityListViewController.m; sourceTree = "<group>"; };
		4425D5B31E322C33003F2635 /* StyleGuide.h */ = {isa = PBXFileReference; fileEncoding = 4; lastKnownFileType = sourcecode.c.h; path = StyleGuide.h; sourceTree = "<group>"; };
		4425D5B41E322C33003F2635 /* StyleGuide.m */ = {isa = PBXFileReference; fileEncoding = 4; lastKnownFileType = sourcecode.c.objc; path = StyleGuide.m; sourceTree = "<group>"; };
		4425D5BB1E3239FC003F2635 /* AddNewCityViewController.h */ = {isa = PBXFileReference; fileEncoding = 4; lastKnownFileType = sourcecode.c.h; path = AddNewCityViewController.h; sourceTree = "<group>"; };
		4425D5BC1E3239FC003F2635 /* AddNewCityViewController.m */ = {isa = PBXFileReference; fileEncoding = 4; lastKnownFileType = sourcecode.c.objc; path = AddNewCityViewController.m; sourceTree = "<group>"; };
		4425D5BF1E323A24003F2635 /* CityDetailViewController.h */ = {isa = PBXFileReference; fileEncoding = 4; lastKnownFileType = sourcecode.c.h; path = CityDetailViewController.h; sourceTree = "<group>"; };
		4425D5C01E323A24003F2635 /* CityDetailViewController.m */ = {isa = PBXFileReference; fileEncoding = 4; lastKnownFileType = sourcecode.c.objc; path = CityDetailViewController.m; sourceTree = "<group>"; };
		4425D5D81E324AEB003F2635 /* MLPAutoCompleteTextField.h */ = {isa = PBXFileReference; fileEncoding = 4; lastKnownFileType = sourcecode.c.h; path = MLPAutoCompleteTextField.h; sourceTree = "<group>"; };
		4425D5D91E324AEB003F2635 /* MLPAutoCompleteTextField.m */ = {isa = PBXFileReference; fileEncoding = 4; lastKnownFileType = sourcecode.c.objc; path = MLPAutoCompleteTextField.m; sourceTree = "<group>"; };
		4425D5DA1E324AEB003F2635 /* MLPAutoCompleteTextFieldDataSource.h */ = {isa = PBXFileReference; fileEncoding = 4; lastKnownFileType = sourcecode.c.h; path = MLPAutoCompleteTextFieldDataSource.h; sourceTree = "<group>"; };
		4425D5DB1E324AEB003F2635 /* MLPAutoCompleteTextFieldDelegate.h */ = {isa = PBXFileReference; fileEncoding = 4; lastKnownFileType = sourcecode.c.h; path = MLPAutoCompleteTextFieldDelegate.h; sourceTree = "<group>"; };
		4425D5DC1E324AEB003F2635 /* MLPAutoCompletionObject.h */ = {isa = PBXFileReference; fileEncoding = 4; lastKnownFileType = sourcecode.c.h; path = MLPAutoCompletionObject.h; sourceTree = "<group>"; };
		4425D5DD1E324AEB003F2635 /* NSString+Levenshtein.h */ = {isa = PBXFileReference; fileEncoding = 4; lastKnownFileType = sourcecode.c.h; path = "NSString+Levenshtein.h"; sourceTree = "<group>"; };
		4425D5DE1E324AEB003F2635 /* NSString+Levenshtein.m */ = {isa = PBXFileReference; fileEncoding = 4; lastKnownFileType = sourcecode.c.objc; path = "NSString+Levenshtein.m"; sourceTree = "<group>"; };
		4425D5DF1E324AEB003F2635 /* MVPlaceSearchTextField.h */ = {isa = PBXFileReference; fileEncoding = 4; lastKnownFileType = sourcecode.c.h; path = MVPlaceSearchTextField.h; sourceTree = "<group>"; };
		4425D5E01E324AEB003F2635 /* MVPlaceSearchTextField.m */ = {isa = PBXFileReference; fileEncoding = 4; lastKnownFileType = sourcecode.c.objc; path = MVPlaceSearchTextField.m; sourceTree = "<group>"; };
		4425D5E11E324AEB003F2635 /* PlaceDetail.h */ = {isa = PBXFileReference; fileEncoding = 4; lastKnownFileType = sourcecode.c.h; path = PlaceDetail.h; sourceTree = "<group>"; };
		4425D5E21E324AEB003F2635 /* PlaceDetail.m */ = {isa = PBXFileReference; fileEncoding = 4; lastKnownFileType = sourcecode.c.objc; path = PlaceDetail.m; sourceTree = "<group>"; };
		4425D5E31E324AEB003F2635 /* PlaceObject.h */ = {isa = PBXFileReference; fileEncoding = 4; lastKnownFileType = sourcecode.c.h; path = PlaceObject.h; sourceTree = "<group>"; };
		4425D5E41E324AEB003F2635 /* PlaceObject.m */ = {isa = PBXFileReference; fileEncoding = 4; lastKnownFileType = sourcecode.c.objc; path = PlaceObject.m; sourceTree = "<group>"; };
		44AD96241E3265D800530587 /* RoundRectPresentationController.h */ = {isa = PBXFileReference; fileEncoding = 4; lastKnownFileType = sourcecode.c.h; path = RoundRectPresentationController.h; sourceTree = "<group>"; };
		44AD96251E3265D800530587 /* RoundRectPresentationController.m */ = {isa = PBXFileReference; fileEncoding = 4; lastKnownFileType = sourcecode.c.objc; path = RoundRectPresentationController.m; sourceTree = "<group>"; };
		44AD96271E3265F200530587 /* BounceAnimationController.h */ = {isa = PBXFileReference; fileEncoding = 4; lastKnownFileType = sourcecode.c.h; path = BounceAnimationController.h; sourceTree = "<group>"; };
		44AD96281E3265F200530587 /* BounceAnimationController.m */ = {isa = PBXFileReference; fileEncoding = 4; lastKnownFileType = sourcecode.c.objc; path = BounceAnimationController.m; sourceTree = "<group>"; };
		44AD962A1E33E76B00530587 /* CoreData.framework */ = {isa = PBXFileReference; lastKnownFileType = wrapper.framework; name = CoreData.framework; path = System/Library/Frameworks/CoreData.framework; sourceTree = SDKROOT; };
		44AD962D1E33F78E00530587 /* DataStore.h */ = {isa = PBXFileReference; fileEncoding = 4; lastKnownFileType = sourcecode.c.h; path = DataStore.h; sourceTree = "<group>"; };
		44AD962E1E33F78E00530587 /* DataStore.m */ = {isa = PBXFileReference; fileEncoding = 4; lastKnownFileType = sourcecode.c.objc; path = DataStore.m; sourceTree = "<group>"; };
		44AD96331E34E34C00530587 /* Coats_of_arms_of_None.svg.png */ = {isa = PBXFileReference; lastKnownFileType = image.png; path = Coats_of_arms_of_None.svg.png; sourceTree = "<group>"; };
		44AD96351E34EAD000530587 /* coat_of_arms_spb.png */ = {isa = PBXFileReference; lastKnownFileType = image.png; path = coat_of_arms_spb.png; sourceTree = "<group>"; };
		44AD96361E34EAD000530587 /* coat_of_arms_msc.png */ = {isa = PBXFileReference; lastKnownFileType = image.png; path = coat_of_arms_msc.png; sourceTree = "<group>"; };
		44AD96371E34EAD000530587 /* coat_of_arms_kzn.png */ = {isa = PBXFileReference; lastKnownFileType = image.png; path = coat_of_arms_kzn.png; sourceTree = "<group>"; };
		4B95A36B44169FE563F21E05 /* Pods-Test-sovcombankTests.release.xcconfig */ = {isa = PBXFileReference; includeInIndex = 1; lastKnownFileType = text.xcconfig; name = "Pods-Test-sovcombankTests.release.xcconfig"; path = "Pods/Target Support Files/Pods-Test-sovcombankTests/Pods-Test-sovcombankTests.release.xcconfig"; sourceTree = "<group>"; };
		52B2B8E196C6C84ADC4F2A10 /* Pods-Test-sovcombankUITests.release.xcconfig */ = {isa = PBXFileReference; includeInIndex = 1; lastKnownFileType = text.xcconfig; name = "Pods-Test-sovcombankUITests.release.xcconfig"; path = "Pods/Target Support Files/Pods-Test-sovcombankUITests/Pods-Test-sovcombankUITests.release.xcconfig"; sourceTree = "<group>"; };
		9598A23EEB75FA777DF67424 /* Pods-Test-sovcombank.release.xcconfig */ = {isa = PBXFileReference; includeInIndex = 1; lastKnownFileType = text.xcconfig; name = "Pods-Test-sovcombank.release.xcconfig"; path = "Pods/Target Support Files/Pods-Test-sovcombank/Pods-Test-sovcombank.release.xcconfig"; sourceTree = "<group>"; };
		AE1A4BFD04F671B417A8043B /* libPods-Test-sovcombankUITests.a */ = {isa = PBXFileReference; explicitFileType = archive.ar; includeInIndex = 0; path = "libPods-Test-sovcombankUITests.a"; sourceTree = BUILT_PRODUCTS_DIR; };
		B2DE89A7FE60CF8E2AD7873D /* Pods-Test-sovcombank.debug.xcconfig */ = {isa = PBXFileReference; includeInIndex = 1; lastKnownFileType = text.xcconfig; name = "Pods-Test-sovcombank.debug.xcconfig"; path = "Pods/Target Support Files/Pods-Test-sovcombank/Pods-Test-sovcombank.debug.xcconfig"; sourceTree = "<group>"; };
		D2E668A689B49DE2304A2077 /* Pods-Test-sovcombankUITests.debug.xcconfig */ = {isa = PBXFileReference; includeInIndex = 1; lastKnownFileType = text.xcconfig; name = "Pods-Test-sovcombankUITests.debug.xcconfig"; path = "Pods/Target Support Files/Pods-Test-sovcombankUITests/Pods-Test-sovcombankUITests.debug.xcconfig"; sourceTree = "<group>"; };
		E0833B05CF19E4551DF493AF /* libPods-Test-sovcombankTests.a */ = {isa = PBXFileReference; explicitFileType = archive.ar; includeInIndex = 0; path = "libPods-Test-sovcombankTests.a"; sourceTree = BUILT_PRODUCTS_DIR; };
		F3D61A25F5A8CC52F16E8611 /* libPods-Test-sovcombank.a */ = {isa = PBXFileReference; explicitFileType = archive.ar; includeInIndex = 0; path = "libPods-Test-sovcombank.a"; sourceTree = BUILT_PRODUCTS_DIR; };
/* End PBXFileReference section */

/* Begin PBXFrameworksBuildPhase section */
		4425D5721E32291E003F2635 /* Frameworks */ = {
			isa = PBXFrameworksBuildPhase;
			buildActionMask = 2147483647;
			files = (
				44AD962B1E33E76B00530587 /* CoreData.framework in Frameworks */,
				F2EF6D8685CAA4F3074BA243 /* libPods-Test-sovcombank.a in Frameworks */,
			);
			runOnlyForDeploymentPostprocessing = 0;
		};
		4425D58E1E32291E003F2635 /* Frameworks */ = {
			isa = PBXFrameworksBuildPhase;
			buildActionMask = 2147483647;
			files = (
				EA622AE5BFEEB5DC24AEA409 /* libPods-Test-sovcombankTests.a in Frameworks */,
			);
			runOnlyForDeploymentPostprocessing = 0;
		};
		4425D5991E32291E003F2635 /* Frameworks */ = {
			isa = PBXFrameworksBuildPhase;
			buildActionMask = 2147483647;
			files = (
				78477786BC31BD2EEE64C2C9 /* libPods-Test-sovcombankUITests.a in Frameworks */,
			);
			runOnlyForDeploymentPostprocessing = 0;
		};
/* End PBXFrameworksBuildPhase section */

/* Begin PBXGroup section */
		4425D56C1E32291E003F2635 = {
			isa = PBXGroup;
			children = (
				4425D5771E32291E003F2635 /* Test-sovcombank */,
				4425D5941E32291E003F2635 /* Test-sovcombankTests */,
				4425D59F1E32291E003F2635 /* Test-sovcombankUITests */,
				4425D5761E32291E003F2635 /* Products */,
				C1675101D94ABE369FFA1B1B /* Pods */,
				DD9CECE124E145D2AAB90DF5 /* Frameworks */,
			);
			sourceTree = "<group>";
		};
		4425D5761E32291E003F2635 /* Products */ = {
			isa = PBXGroup;
			children = (
				4425D5751E32291E003F2635 /* Test-sovcombank.app */,
				4425D5911E32291E003F2635 /* Test-sovcombankTests.xctest */,
				4425D59C1E32291E003F2635 /* Test-sovcombankUITests.xctest */,
			);
			name = Products;
			sourceTree = "<group>";
		};
		4425D5771E32291E003F2635 /* Test-sovcombank */ = {
			isa = PBXGroup;
			children = (
				4425D5871E32291E003F2635 /* Assets.xcassets */,
				4425D5B21E322C02003F2635 /* Common */,
				44AD962C1E33F77500530587 /* Data store */,
				4425D58C1E32291E003F2635 /* Info.plist */,
				4425D5781E32291E003F2635 /* Supporting Files */,
				4425D5841E32291E003F2635 /* Test_sovcombank.xcdatamodeld */,
				4425D5B11E322B80003F2635 /* UI */,
			);
			path = "Test-sovcombank";
			sourceTree = "<group>";
		};
		4425D5781E32291E003F2635 /* Supporting Files */ = {
			isa = PBXGroup;
			children = (
				4425D57B1E32291E003F2635 /* AppDelegate.h */,
				4425D57C1E32291E003F2635 /* AppDelegate.m */,
				4425D5791E32291E003F2635 /* main.m */,
			);
			name = "Supporting Files";
			sourceTree = "<group>";
		};
		4425D5941E32291E003F2635 /* Test-sovcombankTests */ = {
			isa = PBXGroup;
			children = (
				4425D5951E32291E003F2635 /* Test_sovcombankTests.m */,
				4425D5971E32291E003F2635 /* Info.plist */,
			);
			path = "Test-sovcombankTests";
			sourceTree = "<group>";
		};
		4425D59F1E32291E003F2635 /* Test-sovcombankUITests */ = {
			isa = PBXGroup;
			children = (
				4425D5A01E32291E003F2635 /* Test_sovcombankUITests.m */,
				4425D5A21E32291E003F2635 /* Info.plist */,
			);
			path = "Test-sovcombankUITests";
			sourceTree = "<group>";
		};
		4425D5B11E322B80003F2635 /* UI */ = {
			isa = PBXGroup;
			children = (
				4425D5B61E3233AA003F2635 /* Controllers */,
				44AD96301E34E32500530587 /* Images */,
				4425D5891E32291E003F2635 /* LaunchScreen.storyboard */,
				4425D5811E32291E003F2635 /* Main.storyboard */,
				4425D5D61E324AEB003F2635 /* MVPlaceSearchTextField */,
			);
			name = UI;
			sourceTree = "<group>";
		};
		4425D5B21E322C02003F2635 /* Common */ = {
			isa = PBXGroup;
			children = (
				4425D5B31E322C33003F2635 /* StyleGuide.h */,
				4425D5B41E322C33003F2635 /* StyleGuide.m */,
			);
			name = Common;
			sourceTree = "<group>";
		};
		4425D5B61E3233AA003F2635 /* Controllers */ = {
			isa = PBXGroup;
			children = (
				4425D5BB1E3239FC003F2635 /* AddNewCityViewController.h */,
				4425D5BC1E3239FC003F2635 /* AddNewCityViewController.m */,
				4425D5BF1E323A24003F2635 /* CityDetailViewController.h */,
				4425D5C01E323A24003F2635 /* CityDetailViewController.m */,
				4425D5AE1E322B7A003F2635 /* CityListViewController.h */,
				4425D5AF1E322B7A003F2635 /* CityListViewController.m */,
				44AD96231E32655500530587 /* Presentation */,
			);
			name = Controllers;
			sourceTree = "<group>";
		};
		4425D5D61E324AEB003F2635 /* MVPlaceSearchTextField */ = {
			isa = PBXGroup;
			children = (
				4425D5D71E324AEB003F2635 /* MLPAutoCompleteTextField */,
				4425D5DF1E324AEB003F2635 /* MVPlaceSearchTextField.h */,
				4425D5E01E324AEB003F2635 /* MVPlaceSearchTextField.m */,
				4425D5E11E324AEB003F2635 /* PlaceDetail.h */,
				4425D5E21E324AEB003F2635 /* PlaceDetail.m */,
				4425D5E31E324AEB003F2635 /* PlaceObject.h */,
				4425D5E41E324AEB003F2635 /* PlaceObject.m */,
			);
			path = MVPlaceSearchTextField;
			sourceTree = "<group>";
		};
		4425D5D71E324AEB003F2635 /* MLPAutoCompleteTextField */ = {
			isa = PBXGroup;
			children = (
				4425D5D81E324AEB003F2635 /* MLPAutoCompleteTextField.h */,
				4425D5D91E324AEB003F2635 /* MLPAutoCompleteTextField.m */,
				4425D5DA1E324AEB003F2635 /* MLPAutoCompleteTextFieldDataSource.h */,
				4425D5DB1E324AEB003F2635 /* MLPAutoCompleteTextFieldDelegate.h */,
				4425D5DC1E324AEB003F2635 /* MLPAutoCompletionObject.h */,
				4425D5DD1E324AEB003F2635 /* NSString+Levenshtein.h */,
				4425D5DE1E324AEB003F2635 /* NSString+Levenshtein.m */,
			);
			path = MLPAutoCompleteTextField;
			sourceTree = "<group>";
		};
		44AD96231E32655500530587 /* Presentation */ = {
			isa = PBXGroup;
			children = (
				44AD96241E3265D800530587 /* RoundRectPresentationController.h */,
				44AD96251E3265D800530587 /* RoundRectPresentationController.m */,
				44AD96271E3265F200530587 /* BounceAnimationController.h */,
				44AD96281E3265F200530587 /* BounceAnimationController.m */,
			);
			name = Presentation;
			sourceTree = "<group>";
		};
		44AD962C1E33F77500530587 /* Data store */ = {
			isa = PBXGroup;
			children = (
				44AD962D1E33F78E00530587 /* DataStore.h */,
				44AD962E1E33F78E00530587 /* DataStore.m */,
			);
			name = "Data store";
			sourceTree = "<group>";
		};
		44AD96301E34E32500530587 /* Images */ = {
			isa = PBXGroup;
			children = (
				44AD96351E34EAD000530587 /* coat_of_arms_spb.png */,
				44AD96361E34EAD000530587 /* coat_of_arms_msc.png */,
				44AD96371E34EAD000530587 /* coat_of_arms_kzn.png */,
				44AD96331E34E34C00530587 /* Coats_of_arms_of_None.svg.png */,
			);
			name = Images;
			sourceTree = "<group>";
		};
		C1675101D94ABE369FFA1B1B /* Pods */ = {
			isa = PBXGroup;
			children = (
				B2DE89A7FE60CF8E2AD7873D /* Pods-Test-sovcombank.debug.xcconfig */,
				9598A23EEB75FA777DF67424 /* Pods-Test-sovcombank.release.xcconfig */,
				28DA4150E426B1536C2E4DAC /* Pods-Test-sovcombankTests.debug.xcconfig */,
				4B95A36B44169FE563F21E05 /* Pods-Test-sovcombankTests.release.xcconfig */,
				D2E668A689B49DE2304A2077 /* Pods-Test-sovcombankUITests.debug.xcconfig */,
				52B2B8E196C6C84ADC4F2A10 /* Pods-Test-sovcombankUITests.release.xcconfig */,
			);
			name = Pods;
			sourceTree = "<group>";
		};
		DD9CECE124E145D2AAB90DF5 /* Frameworks */ = {
			isa = PBXGroup;
			children = (
				44AD962A1E33E76B00530587 /* CoreData.framework */,
				F3D61A25F5A8CC52F16E8611 /* libPods-Test-sovcombank.a */,
				E0833B05CF19E4551DF493AF /* libPods-Test-sovcombankTests.a */,
				AE1A4BFD04F671B417A8043B /* libPods-Test-sovcombankUITests.a */,
			);
			name = Frameworks;
			sourceTree = "<group>";
		};
/* End PBXGroup section */

/* Begin PBXNativeTarget section */
		4425D5741E32291E003F2635 /* Test-sovcombank */ = {
			isa = PBXNativeTarget;
			buildConfigurationList = 4425D5A51E32291E003F2635 /* Build configuration list for PBXNativeTarget "Test-sovcombank" */;
			buildPhases = (
				9D4324A21F03D80A93E74A06 /* [CP] Check Pods Manifest.lock */,
				4425D5711E32291E003F2635 /* Sources */,
				4425D5721E32291E003F2635 /* Frameworks */,
				4425D5731E32291E003F2635 /* Resources */,
				CE047012298AC3601CB385B4 /* [CP] Embed Pods Frameworks */,
				2DC3763E49E6173F26986D4B /* [CP] Copy Pods Resources */,
			);
			buildRules = (
			);
			dependencies = (
			);
			name = "Test-sovcombank";
			productName = "Test-sovcombank";
			productReference = 4425D5751E32291E003F2635 /* Test-sovcombank.app */;
			productType = "com.apple.product-type.application";
		};
		4425D5901E32291E003F2635 /* Test-sovcombankTests */ = {
			isa = PBXNativeTarget;
			buildConfigurationList = 4425D5A81E32291E003F2635 /* Build configuration list for PBXNativeTarget "Test-sovcombankTests" */;
			buildPhases = (
				276461FE85D963856A333229 /* [CP] Check Pods Manifest.lock */,
				4425D58D1E32291E003F2635 /* Sources */,
				4425D58E1E32291E003F2635 /* Frameworks */,
				4425D58F1E32291E003F2635 /* Resources */,
				02927C3A162E3233F8058602 /* [CP] Embed Pods Frameworks */,
				F2E2259E07EE795617A07065 /* [CP] Copy Pods Resources */,
			);
			buildRules = (
			);
			dependencies = (
				4425D5931E32291E003F2635 /* PBXTargetDependency */,
			);
			name = "Test-sovcombankTests";
			productName = "Test-sovcombankTests";
			productReference = 4425D5911E32291E003F2635 /* Test-sovcombankTests.xctest */;
			productType = "com.apple.product-type.bundle.unit-test";
		};
		4425D59B1E32291E003F2635 /* Test-sovcombankUITests */ = {
			isa = PBXNativeTarget;
			buildConfigurationList = 4425D5AB1E32291E003F2635 /* Build configuration list for PBXNativeTarget "Test-sovcombankUITests" */;
			buildPhases = (
				A9B580BDC52A024CBF008B94 /* [CP] Check Pods Manifest.lock */,
				4425D5981E32291E003F2635 /* Sources */,
				4425D5991E32291E003F2635 /* Frameworks */,
				4425D59A1E32291E003F2635 /* Resources */,
				B8CC9BB05E5259E86A2EAB37 /* [CP] Embed Pods Frameworks */,
				7BD9199F09A265702340192C /* [CP] Copy Pods Resources */,
			);
			buildRules = (
			);
			dependencies = (
				4425D59E1E32291E003F2635 /* PBXTargetDependency */,
			);
			name = "Test-sovcombankUITests";
			productName = "Test-sovcombankUITests";
			productReference = 4425D59C1E32291E003F2635 /* Test-sovcombankUITests.xctest */;
			productType = "com.apple.product-type.bundle.ui-testing";
		};
/* End PBXNativeTarget section */

/* Begin PBXProject section */
		4425D56D1E32291E003F2635 /* Project object */ = {
			isa = PBXProject;
			attributes = {
				LastUpgradeCheck = 0820;
				ORGANIZATIONNAME = Ruslan;
				TargetAttributes = {
					4425D5741E32291E003F2635 = {
						CreatedOnToolsVersion = 8.2.1;
						DevelopmentTeam = G9C5T6WVXX;
						ProvisioningStyle = Automatic;
					};
					4425D5901E32291E003F2635 = {
						CreatedOnToolsVersion = 8.2.1;
						DevelopmentTeam = G9C5T6WVXX;
						ProvisioningStyle = Automatic;
						TestTargetID = 4425D5741E32291E003F2635;
					};
					4425D59B1E32291E003F2635 = {
						CreatedOnToolsVersion = 8.2.1;
						DevelopmentTeam = G9C5T6WVXX;
						ProvisioningStyle = Automatic;
						TestTargetID = 4425D5741E32291E003F2635;
					};
				};
			};
			buildConfigurationList = 4425D5701E32291E003F2635 /* Build configuration list for PBXProject "Test-sovcombank" */;
			compatibilityVersion = "Xcode 3.2";
			developmentRegion = English;
			hasScannedForEncodings = 0;
			knownRegions = (
				en,
				Base,
			);
			mainGroup = 4425D56C1E32291E003F2635;
			productRefGroup = 4425D5761E32291E003F2635 /* Products */;
			projectDirPath = "";
			projectRoot = "";
			targets = (
				4425D5741E32291E003F2635 /* Test-sovcombank */,
				4425D5901E32291E003F2635 /* Test-sovcombankTests */,
				4425D59B1E32291E003F2635 /* Test-sovcombankUITests */,
			);
		};
/* End PBXProject section */

/* Begin PBXResourcesBuildPhase section */
		4425D5731E32291E003F2635 /* Resources */ = {
			isa = PBXResourcesBuildPhase;
			buildActionMask = 2147483647;
			files = (
				4425D58B1E32291E003F2635 /* LaunchScreen.storyboard in Resources */,
				44AD96381E34EAD000530587 /* coat_of_arms_spb.png in Resources */,
				44AD963A1E34EAD000530587 /* coat_of_arms_kzn.png in Resources */,
				44AD96391E34EAD000530587 /* coat_of_arms_msc.png in Resources */,
				44AD96341E34E34C00530587 /* Coats_of_arms_of_None.svg.png in Resources */,
				4425D5881E32291E003F2635 /* Assets.xcassets in Resources */,
				4425D5831E32291E003F2635 /* Main.storyboard in Resources */,
			);
			runOnlyForDeploymentPostprocessing = 0;
		};
		4425D58F1E32291E003F2635 /* Resources */ = {
			isa = PBXResourcesBuildPhase;
			buildActionMask = 2147483647;
			files = (
			);
			runOnlyForDeploymentPostprocessing = 0;
		};
		4425D59A1E32291E003F2635 /* Resources */ = {
			isa = PBXResourcesBuildPhase;
			buildActionMask = 2147483647;
			files = (
			);
			runOnlyForDeploymentPostprocessing = 0;
		};
/* End PBXResourcesBuildPhase section */

/* Begin PBXShellScriptBuildPhase section */
		02927C3A162E3233F8058602 /* [CP] Embed Pods Frameworks */ = {
			isa = PBXShellScriptBuildPhase;
			buildActionMask = 2147483647;
			files = (
			);
			inputPaths = (
			);
			name = "[CP] Embed Pods Frameworks";
			outputPaths = (
			);
			runOnlyForDeploymentPostprocessing = 0;
			shellPath = /bin/sh;
			shellScript = "\"${SRCROOT}/Pods/Target Support Files/Pods-Test-sovcombankTests/Pods-Test-sovcombankTests-frameworks.sh\"\n";
			showEnvVarsInLog = 0;
		};
		276461FE85D963856A333229 /* [CP] Check Pods Manifest.lock */ = {
			isa = PBXShellScriptBuildPhase;
			buildActionMask = 2147483647;
			files = (
			);
			inputPaths = (
			);
			name = "[CP] Check Pods Manifest.lock";
			outputPaths = (
			);
			runOnlyForDeploymentPostprocessing = 0;
			shellPath = /bin/sh;
			shellScript = "diff \"${PODS_ROOT}/../Podfile.lock\" \"${PODS_ROOT}/Manifest.lock\" > /dev/null\nif [ $? != 0 ] ; then\n    # print error to STDERR\n    echo \"error: The sandbox is not in sync with the Podfile.lock. Run 'pod install' or update your CocoaPods installation.\" >&2\n    exit 1\nfi\n";
			showEnvVarsInLog = 0;
		};
		2DC3763E49E6173F26986D4B /* [CP] Copy Pods Resources */ = {
			isa = PBXShellScriptBuildPhase;
			buildActionMask = 2147483647;
			files = (
			);
			inputPaths = (
			);
			name = "[CP] Copy Pods Resources";
			outputPaths = (
			);
			runOnlyForDeploymentPostprocessing = 0;
			shellPath = /bin/sh;
			shellScript = "\"${SRCROOT}/Pods/Target Support Files/Pods-Test-sovcombank/Pods-Test-sovcombank-resources.sh\"\n";
			showEnvVarsInLog = 0;
		};
		7BD9199F09A265702340192C /* [CP] Copy Pods Resources */ = {
			isa = PBXShellScriptBuildPhase;
			buildActionMask = 2147483647;
			files = (
			);
			inputPaths = (
			);
			name = "[CP] Copy Pods Resources";
			outputPaths = (
			);
			runOnlyForDeploymentPostprocessing = 0;
			shellPath = /bin/sh;
			shellScript = "\"${SRCROOT}/Pods/Target Support Files/Pods-Test-sovcombankUITests/Pods-Test-sovcombankUITests-resources.sh\"\n";
			showEnvVarsInLog = 0;
		};
		9D4324A21F03D80A93E74A06 /* [CP] Check Pods Manifest.lock */ = {
			isa = PBXShellScriptBuildPhase;
			buildActionMask = 2147483647;
			files = (
			);
			inputPaths = (
			);
			name = "[CP] Check Pods Manifest.lock";
			outputPaths = (
			);
			runOnlyForDeploymentPostprocessing = 0;
			shellPath = /bin/sh;
			shellScript = "diff \"${PODS_ROOT}/../Podfile.lock\" \"${PODS_ROOT}/Manifest.lock\" > /dev/null\nif [ $? != 0 ] ; then\n    # print error to STDERR\n    echo \"error: The sandbox is not in sync with the Podfile.lock. Run 'pod install' or update your CocoaPods installation.\" >&2\n    exit 1\nfi\n";
			showEnvVarsInLog = 0;
		};
		A9B580BDC52A024CBF008B94 /* [CP] Check Pods Manifest.lock */ = {
			isa = PBXShellScriptBuildPhase;
			buildActionMask = 2147483647;
			files = (
			);
			inputPaths = (
			);
			name = "[CP] Check Pods Manifest.lock";
			outputPaths = (
			);
			runOnlyForDeploymentPostprocessing = 0;
			shellPath = /bin/sh;
			shellScript = "diff \"${PODS_ROOT}/../Podfile.lock\" \"${PODS_ROOT}/Manifest.lock\" > /dev/null\nif [ $? != 0 ] ; then\n    # print error to STDERR\n    echo \"error: The sandbox is not in sync with the Podfile.lock. Run 'pod install' or update your CocoaPods installation.\" >&2\n    exit 1\nfi\n";
			showEnvVarsInLog = 0;
		};
		B8CC9BB05E5259E86A2EAB37 /* [CP] Embed Pods Frameworks */ = {
			isa = PBXShellScriptBuildPhase;
			buildActionMask = 2147483647;
			files = (
			);
			inputPaths = (
			);
			name = "[CP] Embed Pods Frameworks";
			outputPaths = (
			);
			runOnlyForDeploymentPostprocessing = 0;
			shellPath = /bin/sh;
			shellScript = "\"${SRCROOT}/Pods/Target Support Files/Pods-Test-sovcombankUITests/Pods-Test-sovcombankUITests-frameworks.sh\"\n";
			showEnvVarsInLog = 0;
		};
		CE047012298AC3601CB385B4 /* [CP] Embed Pods Frameworks */ = {
			isa = PBXShellScriptBuildPhase;
			buildActionMask = 2147483647;
			files = (
			);
			inputPaths = (
			);
			name = "[CP] Embed Pods Frameworks";
			outputPaths = (
			);
			runOnlyForDeploymentPostprocessing = 0;
			shellPath = /bin/sh;
			shellScript = "\"${SRCROOT}/Pods/Target Support Files/Pods-Test-sovcombank/Pods-Test-sovcombank-frameworks.sh\"\n";
			showEnvVarsInLog = 0;
		};
		F2E2259E07EE795617A07065 /* [CP] Copy Pods Resources */ = {
			isa = PBXShellScriptBuildPhase;
			buildActionMask = 2147483647;
			files = (
			);
			inputPaths = (
			);
			name = "[CP] Copy Pods Resources";
			outputPaths = (
			);
			runOnlyForDeploymentPostprocessing = 0;
			shellPath = /bin/sh;
			shellScript = "\"${SRCROOT}/Pods/Target Support Files/Pods-Test-sovcombankTests/Pods-Test-sovcombankTests-resources.sh\"\n";
			showEnvVarsInLog = 0;
		};
/* End PBXShellScriptBuildPhase section */

/* Begin PBXSourcesBuildPhase section */
		4425D5711E32291E003F2635 /* Sources */ = {
			isa = PBXSourcesBuildPhase;
			buildActionMask = 2147483647;
			files = (
				4425D5E91E324AEB003F2635 /* PlaceObject.m in Sources */,
				4425D5E81E324AEB003F2635 /* PlaceDetail.m in Sources */,
				4425D5E51E324AEB003F2635 /* MLPAutoCompleteTextField.m in Sources */,
				4425D5E61E324AEB003F2635 /* NSString+Levenshtein.m in Sources */,
				4425D5C11E323A24003F2635 /* CityDetailViewController.m in Sources */,
				44AD962F1E33F78E00530587 /* DataStore.m in Sources */,
				4425D5BD1E3239FC003F2635 /* AddNewCityViewController.m in Sources */,
				4425D57D1E32291E003F2635 /* AppDelegate.m in Sources */,
				44AD96291E3265F200530587 /* BounceAnimationController.m in Sources */,
				4425D5861E32291E003F2635 /* Test_sovcombank.xcdatamodeld in Sources */,
				4425D5E71E324AEB003F2635 /* MVPlaceSearchTextField.m in Sources */,
				44AD96261E3265D800530587 /* RoundRectPresentationController.m in Sources */,
				4425D5B51E322C33003F2635 /* StyleGuide.m in Sources */,
				4425D57A1E32291E003F2635 /* main.m in Sources */,
				4425D5B01E322B7A003F2635 /* CityListViewController.m in Sources */,
			);
			runOnlyForDeploymentPostprocessing = 0;
		};
		4425D58D1E32291E003F2635 /* Sources */ = {
			isa = PBXSourcesBuildPhase;
			buildActionMask = 2147483647;
			files = (
				4425D5961E32291E003F2635 /* Test_sovcombankTests.m in Sources */,
			);
			runOnlyForDeploymentPostprocessing = 0;
		};
		4425D5981E32291E003F2635 /* Sources */ = {
			isa = PBXSourcesBuildPhase;
			buildActionMask = 2147483647;
			files = (
				4425D5A11E32291E003F2635 /* Test_sovcombankUITests.m in Sources */,
			);
			runOnlyForDeploymentPostprocessing = 0;
		};
/* End PBXSourcesBuildPhase section */

/* Begin PBXTargetDependency section */
		4425D5931E32291E003F2635 /* PBXTargetDependency */ = {
			isa = PBXTargetDependency;
			target = 4425D5741E32291E003F2635 /* Test-sovcombank */;
			targetProxy = 4425D5921E32291E003F2635 /* PBXContainerItemProxy */;
		};
		4425D59E1E32291E003F2635 /* PBXTargetDependency */ = {
			isa = PBXTargetDependency;
			target = 4425D5741E32291E003F2635 /* Test-sovcombank */;
			targetProxy = 4425D59D1E32291E003F2635 /* PBXContainerItemProxy */;
		};
/* End PBXTargetDependency section */

/* Begin PBXVariantGroup section */
		4425D5811E32291E003F2635 /* Main.storyboard */ = {
			isa = PBXVariantGroup;
			children = (
				4425D5821E32291E003F2635 /* Base */,
			);
			name = Main.storyboard;
			sourceTree = "<group>";
		};
		4425D5891E32291E003F2635 /* LaunchScreen.storyboard */ = {
			isa = PBXVariantGroup;
			children = (
				4425D58A1E32291E003F2635 /* Base */,
			);
			name = LaunchScreen.storyboard;
			sourceTree = "<group>";
		};
/* End PBXVariantGroup section */

/* Begin XCBuildConfiguration section */
		4425D5A31E32291E003F2635 /* Debug */ = {
			isa = XCBuildConfiguration;
			buildSettings = {
				ALWAYS_SEARCH_USER_PATHS = NO;
				CLANG_ANALYZER_NONNULL = YES;
				CLANG_CXX_LANGUAGE_STANDARD = "gnu++0x";
				CLANG_CXX_LIBRARY = "libc++";
				CLANG_ENABLE_MODULES = YES;
				CLANG_ENABLE_OBJC_ARC = YES;
				CLANG_WARN_BOOL_CONVERSION = YES;
				CLANG_WARN_CONSTANT_CONVERSION = YES;
				CLANG_WARN_DIRECT_OBJC_ISA_USAGE = YES_ERROR;
				CLANG_WARN_DOCUMENTATION_COMMENTS = YES;
				CLANG_WARN_EMPTY_BODY = YES;
				CLANG_WARN_ENUM_CONVERSION = YES;
				CLANG_WARN_INFINITE_RECURSION = YES;
				CLANG_WARN_INT_CONVERSION = YES;
				CLANG_WARN_OBJC_ROOT_CLASS = YES_ERROR;
				CLANG_WARN_SUSPICIOUS_MOVE = YES;
				CLANG_WARN_UNREACHABLE_CODE = YES;
				CLANG_WARN__DUPLICATE_METHOD_MATCH = YES;
				"CODE_SIGN_IDENTITY[sdk=iphoneos*]" = "iPhone Developer";
				COPY_PHASE_STRIP = NO;
				DEBUG_INFORMATION_FORMAT = dwarf;
				ENABLE_STRICT_OBJC_MSGSEND = YES;
				ENABLE_TESTABILITY = YES;
				GCC_C_LANGUAGE_STANDARD = gnu99;
				GCC_DYNAMIC_NO_PIC = NO;
				GCC_NO_COMMON_BLOCKS = YES;
				GCC_OPTIMIZATION_LEVEL = 0;
				GCC_PREPROCESSOR_DEFINITIONS = (
					"DEBUG=1",
					"$(inherited)",
				);
				GCC_WARN_64_TO_32_BIT_CONVERSION = YES;
				GCC_WARN_ABOUT_RETURN_TYPE = YES_ERROR;
				GCC_WARN_UNDECLARED_SELECTOR = YES;
				GCC_WARN_UNINITIALIZED_AUTOS = YES_AGGRESSIVE;
				GCC_WARN_UNUSED_FUNCTION = YES;
				GCC_WARN_UNUSED_VARIABLE = YES;
				IPHONEOS_DEPLOYMENT_TARGET = 10.2;
				MTL_ENABLE_DEBUG_INFO = YES;
				ONLY_ACTIVE_ARCH = YES;
				SDKROOT = iphoneos;
				TARGETED_DEVICE_FAMILY = "1,2";
			};
			name = Debug;
		};
		4425D5A41E32291E003F2635 /* Release */ = {
			isa = XCBuildConfiguration;
			buildSettings = {
				ALWAYS_SEARCH_USER_PATHS = NO;
				CLANG_ANALYZER_NONNULL = YES;
				CLANG_CXX_LANGUAGE_STANDARD = "gnu++0x";
				CLANG_CXX_LIBRARY = "libc++";
				CLANG_ENABLE_MODULES = YES;
				CLANG_ENABLE_OBJC_ARC = YES;
				CLANG_WARN_BOOL_CONVERSION = YES;
				CLANG_WARN_CONSTANT_CONVERSION = YES;
				CLANG_WARN_DIRECT_OBJC_ISA_USAGE = YES_ERROR;
				CLANG_WARN_DOCUMENTATION_COMMENTS = YES;
				CLANG_WARN_EMPTY_BODY = YES;
				CLANG_WARN_ENUM_CONVERSION = YES;
				CLANG_WARN_INFINITE_RECURSION = YES;
				CLANG_WARN_INT_CONVERSION = YES;
				CLANG_WARN_OBJC_ROOT_CLASS = YES_ERROR;
				CLANG_WARN_SUSPICIOUS_MOVE = YES;
				CLANG_WARN_UNREACHABLE_CODE = YES;
				CLANG_WARN__DUPLICATE_METHOD_MATCH = YES;
				"CODE_SIGN_IDENTITY[sdk=iphoneos*]" = "iPhone Developer";
				COPY_PHASE_STRIP = NO;
				DEBUG_INFORMATION_FORMAT = "dwarf-with-dsym";
				ENABLE_NS_ASSERTIONS = NO;
				ENABLE_STRICT_OBJC_MSGSEND = YES;
				GCC_C_LANGUAGE_STANDARD = gnu99;
				GCC_NO_COMMON_BLOCKS = YES;
				GCC_WARN_64_TO_32_BIT_CONVERSION = YES;
				GCC_WARN_ABOUT_RETURN_TYPE = YES_ERROR;
				GCC_WARN_UNDECLARED_SELECTOR = YES;
				GCC_WARN_UNINITIALIZED_AUTOS = YES_AGGRESSIVE;
				GCC_WARN_UNUSED_FUNCTION = YES;
				GCC_WARN_UNUSED_VARIABLE = YES;
				IPHONEOS_DEPLOYMENT_TARGET = 10.2;
				MTL_ENABLE_DEBUG_INFO = NO;
				SDKROOT = iphoneos;
				TARGETED_DEVICE_FAMILY = "1,2";
				VALIDATE_PRODUCT = YES;
			};
			name = Release;
		};
		4425D5A61E32291E003F2635 /* Debug */ = {
			isa = XCBuildConfiguration;
			baseConfigurationReference = B2DE89A7FE60CF8E2AD7873D /* Pods-Test-sovcombank.debug.xcconfig */;
			buildSettings = {
				ASSETCATALOG_COMPILER_APPICON_NAME = AppIcon;
				DEVELOPMENT_TEAM = G9C5T6WVXX;
				INFOPLIST_FILE = "Test-sovcombank/Info.plist";
				IPHONEOS_DEPLOYMENT_TARGET = 8.2;
				LD_RUNPATH_SEARCH_PATHS = "$(inherited) @executable_path/Frameworks";
				PRODUCT_BUNDLE_IDENTIFIER = "ra.Test-sovcombank";
				PRODUCT_NAME = "$(TARGET_NAME)";
			};
			name = Debug;
		};
		4425D5A71E32291E003F2635 /* Release */ = {
			isa = XCBuildConfiguration;
			baseConfigurationReference = 9598A23EEB75FA777DF67424 /* Pods-Test-sovcombank.release.xcconfig */;
			buildSettings = {
				ASSETCATALOG_COMPILER_APPICON_NAME = AppIcon;
				DEVELOPMENT_TEAM = G9C5T6WVXX;
				INFOPLIST_FILE = "Test-sovcombank/Info.plist";
				IPHONEOS_DEPLOYMENT_TARGET = 8.2;
				LD_RUNPATH_SEARCH_PATHS = "$(inherited) @executable_path/Frameworks";
				PRODUCT_BUNDLE_IDENTIFIER = "ra.Test-sovcombank";
				PRODUCT_NAME = "$(TARGET_NAME)";
			};
			name = Release;
		};
		4425D5A91E32291E003F2635 /* Debug */ = {
			isa = XCBuildConfiguration;
			baseConfigurationReference = 28DA4150E426B1536C2E4DAC /* Pods-Test-sovcombankTests.debug.xcconfig */;
			buildSettings = {
				BUNDLE_LOADER = "$(TEST_HOST)";
				DEVELOPMENT_TEAM = G9C5T6WVXX;
				INFOPLIST_FILE = "Test-sovcombankTests/Info.plist";
				LD_RUNPATH_SEARCH_PATHS = "$(inherited) @executable_path/Frameworks @loader_path/Frameworks";
				PRODUCT_BUNDLE_IDENTIFIER = "ra.Test-sovcombankTests";
				PRODUCT_NAME = "$(TARGET_NAME)";
				TEST_HOST = "$(BUILT_PRODUCTS_DIR)/Test-sovcombank.app/Test-sovcombank";
			};
			name = Debug;
		};
		4425D5AA1E32291E003F2635 /* Release */ = {
			isa = XCBuildConfiguration;
			baseConfigurationReference = 4B95A36B44169FE563F21E05 /* Pods-Test-sovcombankTests.release.xcconfig */;
			buildSettings = {
				BUNDLE_LOADER = "$(TEST_HOST)";
				DEVELOPMENT_TEAM = G9C5T6WVXX;
				INFOPLIST_FILE = "Test-sovcombankTests/Info.plist";
				LD_RUNPATH_SEARCH_PATHS = "$(inherited) @executable_path/Frameworks @loader_path/Frameworks";
				PRODUCT_BUNDLE_IDENTIFIER = "ra.Test-sovcombankTests";
				PRODUCT_NAME = "$(TARGET_NAME)";
				TEST_HOST = "$(BUILT_PRODUCTS_DIR)/Test-sovcombank.app/Test-sovcombank";
			};
			name = Release;
		};
		4425D5AC1E32291E003F2635 /* Debug */ = {
			isa = XCBuildConfiguration;
			baseConfigurationReference = D2E668A689B49DE2304A2077 /* Pods-Test-sovcombankUITests.debug.xcconfig */;
			buildSettings = {
				DEVELOPMENT_TEAM = G9C5T6WVXX;
				INFOPLIST_FILE = "Test-sovcombankUITests/Info.plist";
				LD_RUNPATH_SEARCH_PATHS = "$(inherited) @executable_path/Frameworks @loader_path/Frameworks";
				PRODUCT_BUNDLE_IDENTIFIER = "ra.Test-sovcombankUITests";
				PRODUCT_NAME = "$(TARGET_NAME)";
				TEST_TARGET_NAME = "Test-sovcombank";
			};
			name = Debug;
		};
		4425D5AD1E32291E003F2635 /* Release */ = {
			isa = XCBuildConfiguration;
			baseConfigurationReference = 52B2B8E196C6C84ADC4F2A10 /* Pods-Test-sovcombankUITests.release.xcconfig */;
			buildSettings = {
				DEVELOPMENT_TEAM = G9C5T6WVXX;
				INFOPLIST_FILE = "Test-sovcombankUITests/Info.plist";
				LD_RUNPATH_SEARCH_PATHS = "$(inherited) @executable_path/Frameworks @loader_path/Frameworks";
				PRODUCT_BUNDLE_IDENTIFIER = "ra.Test-sovcombankUITests";
				PRODUCT_NAME = "$(TARGET_NAME)";
				TEST_TARGET_NAME = "Test-sovcombank";
			};
			name = Release;
		};
/* End XCBuildConfiguration section */

/* Begin XCConfigurationList section */
		4425D5701E32291E003F2635 /* Build configuration list for PBXProject "Test-sovcombank" */ = {
			isa = XCConfigurationList;
			buildConfigurations = (
				4425D5A31E32291E003F2635 /* Debug */,
				4425D5A41E32291E003F2635 /* Release */,
			);
			defaultConfigurationIsVisible = 0;
			defaultConfigurationName = Release;
		};
		4425D5A51E32291E003F2635 /* Build configuration list for PBXNativeTarget "Test-sovcombank" */ = {
			isa = XCConfigurationList;
			buildConfigurations = (
				4425D5A61E32291E003F2635 /* Debug */,
				4425D5A71E32291E003F2635 /* Release */,
			);
			defaultConfigurationIsVisible = 0;
			defaultConfigurationName = Release;
		};
		4425D5A81E32291E003F2635 /* Build configuration list for PBXNativeTarget "Test-sovcombankTests" */ = {
			isa = XCConfigurationList;
			buildConfigurations = (
				4425D5A91E32291E003F2635 /* Debug */,
				4425D5AA1E32291E003F2635 /* Release */,
			);
			defaultConfigurationIsVisible = 0;
			defaultConfigurationName = Release;
		};
		4425D5AB1E32291E003F2635 /* Build configuration list for PBXNativeTarget "Test-sovcombankUITests" */ = {
			isa = XCConfigurationList;
			buildConfigurations = (
				4425D5AC1E32291E003F2635 /* Debug */,
				4425D5AD1E32291E003F2635 /* Release */,
			);
			defaultConfigurationIsVisible = 0;
			defaultConfigurationName = Release;
		};
/* End XCConfigurationList section */

/* Begin XCVersionGroup section */
		4425D5841E32291E003F2635 /* Test_sovcombank.xcdatamodeld */ = {
			isa = XCVersionGroup;
			children = (
				4425D5851E32291E003F2635 /* Test_sovcombank.xcdatamodel */,
			);
			currentVersion = 4425D5851E32291E003F2635 /* Test_sovcombank.xcdatamodel */;
			path = Test_sovcombank.xcdatamodeld;
			sourceTree = "<group>";
			versionGroupType = wrapper.xcdatamodel;
		};
/* End XCVersionGroup section */
	};
	rootObject = 4425D56D1E32291E003F2635 /* Project object */;
}
